<?xml version="1.0" encoding="utf-8"?>
<Project ToolsVersion="4.0" xmlns="http://schemas.microsoft.com/developer/msbuild/2003">
  <ItemGroup>
    <ClCompile Include="..\..\Src\Common\Callbacks.cpp" />
    <ClCompile Include="..\..\Src\Common\Camera.cpp" />
    <ClCompile Include="..\..\Src\Common\Collisions.cpp" />
    <ClCompile Include="..\..\Src\Common\Component.cpp" />
    <ClCompile Include="..\..\Src\Common\ENGINE.cpp" />
    <ClCompile Include="..\..\Src\Common\Entity.cpp" />
    <ClCompile Include="..\..\Src\Common\Factory.cpp" />
    <ClCompile Include="..\..\Src\Common\FactoryManager.cpp" />
    <ClCompile Include="..\..\Src\Common\GameStateMachine.cpp" />
    <ClCompile Include="..\..\Src\Common\Image.cpp" />
    <ClCompile Include="..\..\Src\Common\InitFactories.cpp" />
    <ClCompile Include="..\..\Src\Common\InputManager.cpp" />
    <ClCompile Include="..\..\Src\Common\MeshRenderer.cpp" />
    <ClCompile Include="..\..\Src\Common\Light.cpp" />
    <ClCompile Include="..\..\Src\Common\ResourceManager.cpp" />
    <ClCompile Include="..\..\Src\Common\RigidBody.cpp" />
    <ClCompile Include="..\..\Src\Common\Scene.cpp" />
    <ClCompile Include="..\..\Src\Common\SoundComponent.cpp" />
    <ClCompile Include="..\..\Src\Common\TEST-Componente1.cpp" />
    <ClCompile Include="..\..\Src\Common\TEST-Componente2.cpp" />
    <ClCompile Include="..\..\Src\Common\Text.cpp" />
    <ClCompile Include="..\..\Src\Common\Transform.cpp" />
    <ClCompile Include="..\..\Src\Common\Vector3D.cpp" />
    <ClCompile Include="..\..\Src\Common\VernierTime.cpp" />
  </ItemGroup>
  <ItemGroup>
    <ClInclude Include="..\..\Src\Common\Callbacks.h" />
    <ClInclude Include="..\..\Src\Common\Camera.h" />
    <ClInclude Include="..\..\Src\Common\checkML.h" />
    <ClInclude Include="..\..\Src\Common\Collisions.h" />
    <ClInclude Include="..\..\Src\Common\Component.h" />
    <ClInclude Include="..\..\Src\Common\ecs.h" />
    <ClInclude Include="..\..\Src\Common\ecs_defs.h" />
    <ClInclude Include="..\..\Src\Common\ENGINE.h" />
    <ClInclude Include="..\..\Src\Common\Entity.h" />
    <ClInclude Include="..\..\Src\Common\Factory.h" />
    <ClInclude Include="..\..\Src\Common\FactoryManager.h" />
    <ClInclude Include="..\..\Src\Common\GameStateMachine.h" />
    <ClInclude Include="..\..\Src\Common\Image.h" />
    <ClInclude Include="..\..\Src\Common\InitFactories.h" />
    <ClInclude Include="..\..\Src\Common\InputManager.h" />
    <ClInclude Include="..\..\Src\Common\Light.h" />
    <ClInclude Include="..\..\Src\Common\MeshRenderer.h" />
    <ClInclude Include="..\..\Src\Common\mpl.h" />
    <ClInclude Include="..\..\Src\Common\ResourceManager.h" />
    <ClInclude Include="..\..\Src\Common\RigidBody.h" />
    <ClInclude Include="..\..\Src\Common\Scene.h" />
    <ClInclude Include="..\..\Src\Common\Singleton.h" />
    <ClInclude Include="..\..\Src\Common\SoundComponent.h" />
    <ClInclude Include="..\..\Src\Common\TEST-Componente1.h" />
    <ClInclude Include="..\..\Src\Common\TEST-Componente2.h" />
    <ClInclude Include="..\..\Src\Common\Text.h" />
    <ClInclude Include="..\..\Src\Common\Transform.h" />
    <ClInclude Include="..\..\Src\Common\Utils.h" />
    <ClInclude Include="..\..\Src\Common\Vector3D.h" />
    <ClInclude Include="..\..\Src\Common\VernierTime.h" />
    <ClInclude Include="..\..\Src\Common\EngineDll.h" />
  </ItemGroup>
</Project>